{
  "name": "pwp-cancer-2types",
  "lockfileVersion": 3,
  "requires": true,
  "packages": {
    "": {
      "name": "pwp-cancer-2types",
      "dependencies": {
        "gsap": "3.12.5"
      },
      "devDependencies": {
        "@fontsource/dm-serif-display": "5.1.0",
        "@fontsource/ibm-plex-sans-thai": "5.1.0",
        "@fontsource/playfair-display": "5.1.0",
        "playwright": "1.56.1"
      }
    },
    "node_modules/@fontsource/dm-serif-display": {
      "version": "5.1.0",
      "resolved": "https://registry.npmjs.org/@fontsource/dm-serif-display/-/dm-serif-display-5.1.0.tgz",
      "integrity": "sha512-8IGBpTOn2XRA09plE6iAlZajL09iwCdSTd60FiM9NsD7VV4Nqseo9tgqiZLyuLC9D1jht5i39I2IYI/o2+Q0Kg==",
      "dev": true,
      "license": "OFL-1.1"
    },
    "node_modules/@fontsource/ibm-plex-sans-thai": {
      "version": "5.1.0",
      "resolved": "https://registry.npmjs.org/@fontsource/ibm-plex-sans-thai/-/ibm-plex-sans-thai-5.1.0.tgz",
      "integrity": "sha512-zGZ30x11xzRIxum8rGuq/zUuGrPKo15zCPC8xB2iKRsCPEHuBBTaM5iXSofjeUsYMN+nsyInsbaqLsSllW5YIw==",
      "dev": true,
      "license": "OFL-1.1"
    },
    "node_modules/@fontsource/playfair-display": {
      "version": "5.1.0",
      "resolved": "https://registry.npmjs.org/@fontsource/playfair-display/-/playfair-display-5.1.0.tgz",
      "integrity": "sha512-O4Ph7IwM2sH4IpSgYKP1ZdOuaYd22+eXdT1jU8/kDM6gIABV2RoqJM34Z+WD364+mO1noXPcF1ZtA4aRfcFZLA==",
      "dev": true,
      "license": "OFL-1.1"
    },
    "node_modules/fsevents": {
      "version": "2.3.2",
      "resolved": "https://registry.npmjs.org/fsevents/-/fsevents-2.3.2.tgz",
      "integrity": "sha512-xiqMQR4xAeHTuB9uWm+fFRcIOgKBMiOBP+eXiyT7jsgVCq1bkVygt00oASowB7EdtpOHaaPgKt812P9ab+DDKA==",
      "dev": true,
      "hasInstallScript": true,
      "license": "MIT",
      "optional": true,
      "os": [
        "darwin"
      ],
      "engines": {
        "node": "^8.16.0 || ^10.6.0 || >=11.0.0"
      }
    },
    "node_modules/gsap": {
      "version": "3.12.5",
      "resolved": "https://registry.npmjs.org/gsap/-/gsap-3.12.5.tgz",
      "integrity": "sha512-srBfnk4n+Oe/ZnMIOXt3gT605BX9x5+rh/prT2F1SsNJsU1XuMiP0E2aptW481OnonOGACZWBqseH5Z7csHxhQ==",
      "license": "Standard 'no charge' license: https://gsap.com/standard-license. Club GSAP members get more: https://gsap.com/licensing/. Why GreenSock doesn't employ an MIT license: https://gsap.com/why-license/"
    },
    "node_modules/playwright": {
      "version": "1.56.1",
      "resolved": "https://registry.npmjs.org/playwright/-/playwright-1.56.1.tgz",
      "integrity": "sha512-aFi5B0WovBHTEvpM3DzXTUaeN6eN0qWnTkKx4NQaH4Wvcmc153PdaY2UBdSYKaGYw+UyWXSVyxDUg5DoPEttjw==",
      "dev": true,
      "license": "Apache-2.0",
      "dependencies": {
        "playwright-core": "1.56.1"
      },
      "bin": {
        "playwright": "cli.js"
      },
      "engines": {
        "node": ">=18"
      },
      "optionalDependencies": {
        "fsevents": "2.3.2"
      }
    },
    "node_modules/playwright-core": {
      "version": "1.56.1",
      "resolved": "https://registry.npmjs.org/playwright-core/-/playwright-core-1.56.1.tgz",
      "integrity": "sha512-hutraynyn31F+Bifme+Ps9Vq59hKuUCz7H1kDOcBs+2oGguKkWTU50bBWrtz34OUWmIwpBTWDxaRPXrIXkgvmQ==",
      "dev": true,
      "license": "Apache-2.0",
      "bin": {
        "playwright-core": "cli.js"
      },
      "engines": {
        "node": ">=18"
      }
    }
  }
}
